
Microsoft Visual Studio Solution File, Format Version 12.00
# Visual Studio 15
VisualStudioVersion = 15.0.28307.757
MinimumVisualStudioVersion = 10.0.40219.1
Project("{FAE04EC0-301F-11D3-BF4B-00C04F79EFBC}") = "BonApptit.Android", "BonApptit\BonApptit.Android\BonApptit.Android.csproj", "{B69A9AEB-0701-4B05-B511-0178BE2632DA}"
EndProject
Project("{FAE04EC0-301F-11D3-BF4B-00C04F79EFBC}") = "BonApptit.iOS", "BonApptit\BonApptit.iOS\BonApptit.iOS.csproj", "{BECBC1A3-EA96-4B78-8729-59B1AA916449}"
EndProject
Project("{FAE04EC0-301F-11D3-BF4B-00C04F79EFBC}") = "BonApptit.UWP", "BonApptit\BonApptit.UWP\BonApptit.UWP.csproj", "{55CD36F6-CC29-4174-9E06-FAD4140F57E1}"
EndProject
Project("{FAE04EC0-301F-11D3-BF4B-00C04F79EFBC}") = "BonApptit", "BonApptit\BonApptit\BonApptit.csproj", "{70D31CB7-9230-42A5-AE30-65082AD172CE}"
EndProject
Global
	GlobalSection(SolutionConfigurationPlatforms) = preSolution
		Ad-Hoc|Any CPU = Ad-Hoc|Any CPU
		Ad-Hoc|ARM = Ad-Hoc|ARM
		Ad-Hoc|iPhone = Ad-Hoc|iPhone
		Ad-Hoc|iPhoneSimulator = Ad-Hoc|iPhoneSimulator
		Ad-Hoc|x64 = Ad-Hoc|x64
		Ad-Hoc|x86 = Ad-Hoc|x86
		AppStore|Any CPU = AppStore|Any CPU
		AppStore|ARM = AppStore|ARM
		AppStore|iPhone = AppStore|iPhone
		AppStore|iPhoneSimulator = AppStore|iPhoneSimulator
		AppStore|x64 = AppStore|x64
		AppStore|x86 = AppStore|x86
		Debug|Any CPU = Debug|Any CPU
		Debug|ARM = Debug|ARM
		Debug|iPhone = Debug|iPhone
		Debug|iPhoneSimulator = Debug|iPhoneSimulator
		Debug|x64 = Debug|x64
		Debug|x86 = Debug|x86
		Release|Any CPU = Release|Any CPU
		Release|ARM = Release|ARM
		Release|iPhone = Release|iPhone
		Release|iPhoneSimulator = Release|iPhoneSimulator
		Release|x64 = Release|x64
		Release|x86 = Release|x86
	EndGlobalSection
	GlobalSection(ProjectConfigurationPlatforms) = postSolution
		{B69A9AEB-0701-4B05-B511-0178BE2632DA}.Ad-Hoc|Any CPU.ActiveCfg = Release|Any CPU
		{B69A9AEB-0701-4B05-B511-0178BE2632DA}.Ad-Hoc|Any CPU.Build.0 = Release|Any CPU
		{B69A9AEB-0701-4B05-B511-0178BE2632DA}.Ad-Hoc|Any CPU.Deploy.0 = Release|Any CPU
		{B69A9AEB-0701-4B05-B511-0178BE2632DA}.Ad-Hoc|ARM.ActiveCfg = Release|Any CPU
		{B69A9AEB-0701-4B05-B511-0178BE2632DA}.Ad-Hoc|ARM.Build.0 = Release|Any CPU
		{B69A9AEB-0701-4B05-B511-0178BE2632DA}.Ad-Hoc|ARM.Deploy.0 = Release|Any CPU
		{B69A9AEB-0701-4B05-B511-0178BE2632DA}.Ad-Hoc|iPhone.ActiveCfg = Release|Any CPU
		{B69A9AEB-0701-4B05-B511-0178BE2632DA}.Ad-Hoc|iPhone.Build.0 = Release|Any CPU
		{B69A9AEB-0701-4B05-B511-0178BE2632DA}.Ad-Hoc|iPhone.Deploy.0 = Release|Any CPU
		{B69A9AEB-0701-4B05-B511-0178BE2632DA}.Ad-Hoc|iPhoneSimulator.ActiveCfg = Release|Any CPU
		{B69A9AEB-0701-4B05-B511-0178BE2632DA}.Ad-Hoc|iPhoneSimulator.Build.0 = Release|Any CPU
		{B69A9AEB-0701-4B05-B511-0178BE2632DA}.Ad-Hoc|iPhoneSimulator.Deploy.0 = Release|Any CPU
		{B69A9AEB-0701-4B05-B511-0178BE2632DA}.Ad-Hoc|x64.ActiveCfg = Release|Any CPU
		{B69A9AEB-0701-4B05-B511-0178BE2632DA}.Ad-Hoc|x64.Build.0 = Release|Any CPU
		{B69A9AEB-0701-4B05-B511-0178BE2632DA}.Ad-Hoc|x64.Deploy.0 = Release|Any CPU
		{B69A9AEB-0701-4B05-B511-0178BE2632DA}.Ad-Hoc|x86.ActiveCfg = Release|Any CPU
		{B69A9AEB-0701-4B05-B511-0178BE2632DA}.Ad-Hoc|x86.Build.0 = Release|Any CPU
		{B69A9AEB-0701-4B05-B511-0178BE2632DA}.Ad-Hoc|x86.Deploy.0 = Release|Any CPU
		{B69A9AEB-0701-4B05-B511-0178BE2632DA}.AppStore|Any CPU.ActiveCfg = Release|Any CPU
		{B69A9AEB-0701-4B05-B511-0178BE2632DA}.AppStore|Any CPU.Build.0 = Release|Any CPU
		{B69A9AEB-0701-4B05-B511-0178BE2632DA}.AppStore|Any CPU.Deploy.0 = Release|Any CPU
		{B69A9AEB-0701-4B05-B511-0178BE2632DA}.AppStore|ARM.ActiveCfg = Release|Any CPU
		{B69A9AEB-0701-4B05-B511-0178BE2632DA}.AppStore|ARM.Build.0 = Release|Any CPU
		{B69A9AEB-0701-4B05-B511-0178BE2632DA}.AppStore|ARM.Deploy.0 = Release|Any CPU
		{B69A9AEB-0701-4B05-B511-0178BE2632DA}.AppStore|iPhone.ActiveCfg = Release|Any CPU
		{B69A9AEB-0701-4B05-B511-0178BE2632DA}.AppStore|iPhone.Build.0 = Release|Any CPU
		{B69A9AEB-0701-4B05-B511-0178BE2632DA}.AppStore|iPhone.Deploy.0 = Release|Any CPU
		{B69A9AEB-0701-4B05-B511-0178BE2632DA}.AppStore|iPhoneSimulator.ActiveCfg = Release|Any CPU
		{B69A9AEB-0701-4B05-B511-0178BE2632DA}.AppStore|iPhoneSimulator.Build.0 = Release|Any CPU
		{B69A9AEB-0701-4B05-B511-0178BE2632DA}.AppStore|iPhoneSimulator.Deploy.0 = Release|Any CPU
		{B69A9AEB-0701-4B05-B511-0178BE2632DA}.AppStore|x64.ActiveCfg = Release|Any CPU
		{B69A9AEB-0701-4B05-B511-0178BE2632DA}.AppStore|x64.Build.0 = Release|Any CPU
		{B69A9AEB-0701-4B05-B511-0178BE2632DA}.AppStore|x64.Deploy.0 = Release|Any CPU
		{B69A9AEB-0701-4B05-B511-0178BE2632DA}.AppStore|x86.ActiveCfg = Release|Any CPU
		{B69A9AEB-0701-4B05-B511-0178BE2632DA}.AppStore|x86.Build.0 = Release|Any CPU
		{B69A9AEB-0701-4B05-B511-0178BE2632DA}.AppStore|x86.Deploy.0 = Release|Any CPU
		{B69A9AEB-0701-4B05-B511-0178BE2632DA}.Debug|Any CPU.ActiveCfg = Debug|Any CPU
		{B69A9AEB-0701-4B05-B511-0178BE2632DA}.Debug|Any CPU.Build.0 = Debug|Any CPU
		{B69A9AEB-0701-4B05-B511-0178BE2632DA}.Debug|Any CPU.Deploy.0 = Debug|Any CPU
		{B69A9AEB-0701-4B05-B511-0178BE2632DA}.Debug|ARM.ActiveCfg = Debug|Any CPU
		{B69A9AEB-0701-4B05-B511-0178BE2632DA}.Debug|ARM.Build.0 = Debug|Any CPU
		{B69A9AEB-0701-4B05-B511-0178BE2632DA}.Debug|ARM.Deploy.0 = Debug|Any CPU
		{B69A9AEB-0701-4B05-B511-0178BE2632DA}.Debug|iPhone.ActiveCfg = Debug|Any CPU
		{B69A9AEB-0701-4B05-B511-0178BE2632DA}.Debug|iPhone.Build.0 = Debug|Any CPU
		{B69A9AEB-0701-4B05-B511-0178BE2632DA}.Debug|iPhone.Deploy.0 = Debug|Any CPU
		{B69A9AEB-0701-4B05-B511-0178BE2632DA}.Debug|iPhoneSimulator.ActiveCfg = Debug|Any CPU
		{B69A9AEB-0701-4B05-B511-0178BE2632DA}.Debug|iPhoneSimulator.Build.0 = Debug|Any CPU
		{B69A9AEB-0701-4B05-B511-0178BE2632DA}.Debug|iPhoneSimulator.Deploy.0 = Debug|Any CPU
		{B69A9AEB-0701-4B05-B511-0178BE2632DA}.Debug|x64.ActiveCfg = Debug|Any CPU
		{B69A9AEB-0701-4B05-B511-0178BE2632DA}.Debug|x64.Build.0 = Debug|Any CPU
		{B69A9AEB-0701-4B05-B511-0178BE2632DA}.Debug|x64.Deploy.0 = Debug|Any CPU
		{B69A9AEB-0701-4B05-B511-0178BE2632DA}.Debug|x86.ActiveCfg = Debug|Any CPU
		{B69A9AEB-0701-4B05-B511-0178BE2632DA}.Debug|x86.Build.0 = Debug|Any CPU
		{B69A9AEB-0701-4B05-B511-0178BE2632DA}.Debug|x86.Deploy.0 = Debug|Any CPU
		{B69A9AEB-0701-4B05-B511-0178BE2632DA}.Release|Any CPU.ActiveCfg = Release|Any CPU
		{B69A9AEB-0701-4B05-B511-0178BE2632DA}.Release|Any CPU.Build.0 = Release|Any CPU
		{B69A9AEB-0701-4B05-B511-0178BE2632DA}.Release|Any CPU.Deploy.0 = Release|Any CPU
		{B69A9AEB-0701-4B05-B511-0178BE2632DA}.Release|ARM.ActiveCfg = Release|Any CPU
		{B69A9AEB-0701-4B05-B511-0178BE2632DA}.Release|ARM.Build.0 = Release|Any CPU
		{B69A9AEB-0701-4B05-B511-0178BE2632DA}.Release|ARM.Deploy.0 = Release|Any CPU
		{B69A9AEB-0701-4B05-B511-0178BE2632DA}.Release|iPhone.ActiveCfg = Release|Any CPU
		{B69A9AEB-0701-4B05-B511-0178BE2632DA}.Release|iPhone.Build.0 = Release|Any CPU
		{B69A9AEB-0701-4B05-B511-0178BE2632DA}.Release|iPhone.Deploy.0 = Release|Any CPU
		{B69A9AEB-0701-4B05-B511-0178BE2632DA}.Release|iPhoneSimulator.ActiveCfg = Release|Any CPU
		{B69A9AEB-0701-4B05-B511-0178BE2632DA}.Release|iPhoneSimulator.Build.0 = Release|Any CPU
		{B69A9AEB-0701-4B05-B511-0178BE2632DA}.Release|iPhoneSimulator.Deploy.0 = Release|Any CPU
		{B69A9AEB-0701-4B05-B511-0178BE2632DA}.Release|x64.ActiveCfg = Release|Any CPU
		{B69A9AEB-0701-4B05-B511-0178BE2632DA}.Release|x64.Build.0 = Release|Any CPU
		{B69A9AEB-0701-4B05-B511-0178BE2632DA}.Release|x64.Deploy.0 = Release|Any CPU
		{B69A9AEB-0701-4B05-B511-0178BE2632DA}.Release|x86.ActiveCfg = Release|Any CPU
		{B69A9AEB-0701-4B05-B511-0178BE2632DA}.Release|x86.Build.0 = Release|Any CPU
		{B69A9AEB-0701-4B05-B511-0178BE2632DA}.Release|x86.Deploy.0 = Release|Any CPU
		{BECBC1A3-EA96-4B78-8729-59B1AA916449}.Ad-Hoc|Any CPU.ActiveCfg = Ad-Hoc|iPhone
		{BECBC1A3-EA96-4B78-8729-59B1AA916449}.Ad-Hoc|Any CPU.Build.0 = Ad-Hoc|iPhone
		{BECBC1A3-EA96-4B78-8729-59B1AA916449}.Ad-Hoc|Any CPU.Deploy.0 = Ad-Hoc|iPhone
		{BECBC1A3-EA96-4B78-8729-59B1AA916449}.Ad-Hoc|ARM.ActiveCfg = Ad-Hoc|iPhone
		{BECBC1A3-EA96-4B78-8729-59B1AA916449}.Ad-Hoc|ARM.Build.0 = Ad-Hoc|iPhone
		{BECBC1A3-EA96-4B78-8729-59B1AA916449}.Ad-Hoc|ARM.Deploy.0 = Ad-Hoc|iPhone
		{BECBC1A3-EA96-4B78-8729-59B1AA916449}.Ad-Hoc|iPhone.ActiveCfg = Ad-Hoc|iPhone
		{BECBC1A3-EA96-4B78-8729-59B1AA916449}.Ad-Hoc|iPhone.Build.0 = Ad-Hoc|iPhone
		{BECBC1A3-EA96-4B78-8729-59B1AA916449}.Ad-Hoc|iPhone.Deploy.0 = Ad-Hoc|iPhone
		{BECBC1A3-EA96-4B78-8729-59B1AA916449}.Ad-Hoc|iPhoneSimulator.ActiveCfg = Ad-Hoc|iPhoneSimulator
		{BECBC1A3-EA96-4B78-8729-59B1AA916449}.Ad-Hoc|iPhoneSimulator.Build.0 = Ad-Hoc|iPhoneSimulator
		{BECBC1A3-EA96-4B78-8729-59B1AA916449}.Ad-Hoc|iPhoneSimulator.Deploy.0 = Ad-Hoc|iPhoneSimulator
		{BECBC1A3-EA96-4B78-8729-59B1AA916449}.Ad-Hoc|x64.ActiveCfg = Ad-Hoc|iPhone
		{BECBC1A3-EA96-4B78-8729-59B1AA916449}.Ad-Hoc|x64.Build.0 = Ad-Hoc|iPhone
		{BECBC1A3-EA96-4B78-8729-59B1AA916449}.Ad-Hoc|x64.Deploy.0 = Ad-Hoc|iPhone
		{BECBC1A3-EA96-4B78-8729-59B1AA916449}.Ad-Hoc|x86.ActiveCfg = Ad-Hoc|iPhone
		{BECBC1A3-EA96-4B78-8729-59B1AA916449}.Ad-Hoc|x86.Build.0 = Ad-Hoc|iPhone
		{BECBC1A3-EA96-4B78-8729-59B1AA916449}.Ad-Hoc|x86.Deploy.0 = Ad-Hoc|iPhone
		{BECBC1A3-EA96-4B78-8729-59B1AA916449}.AppStore|Any CPU.ActiveCfg = AppStore|iPhone
		{BECBC1A3-EA96-4B78-8729-59B1AA916449}.AppStore|Any CPU.Build.0 = AppStore|iPhone
		{BECBC1A3-EA96-4B78-8729-59B1AA916449}.AppStore|Any CPU.Deploy.0 = AppStore|iPhone
		{BECBC1A3-EA96-4B78-8729-59B1AA916449}.AppStore|ARM.ActiveCfg = AppStore|iPhone
		{BECBC1A3-EA96-4B78-8729-59B1AA916449}.AppStore|ARM.Build.0 = AppStore|iPhone
		{BECBC1A3-EA96-4B78-8729-59B1AA916449}.AppStore|ARM.Deploy.0 = AppStore|iPhone
		{BECBC1A3-EA96-4B78-8729-59B1AA916449}.AppStore|iPhone.ActiveCfg = AppStore|iPhone
		{BECBC1A3-EA96-4B78-8729-59B1AA916449}.AppStore|iPhone.Build.0 = AppStore|iPhone
		{BECBC1A3-EA96-4B78-8729-59B1AA916449}.AppStore|iPhone.Deploy.0 = AppStore|iPhone
		{BECBC1A3-EA96-4B78-8729-59B1AA916449}.AppStore|iPhoneSimulator.ActiveCfg = AppStore|iPhoneSimulator
		{BECBC1A3-EA96-4B78-8729-59B1AA916449}.AppStore|iPhoneSimulator.Build.0 = AppStore|iPhoneSimulator
		{BECBC1A3-EA96-4B78-8729-59B1AA916449}.AppStore|iPhoneSimulator.Deploy.0 = AppStore|iPhoneSimulator
		{BECBC1A3-EA96-4B78-8729-59B1AA916449}.AppStore|x64.ActiveCfg = AppStore|iPhone
		{BECBC1A3-EA96-4B78-8729-59B1AA916449}.AppStore|x64.Build.0 = AppStore|iPhone
		{BECBC1A3-EA96-4B78-8729-59B1AA916449}.AppStore|x64.Deploy.0 = AppStore|iPhone
		{BECBC1A3-EA96-4B78-8729-59B1AA916449}.AppStore|x86.ActiveCfg = AppStore|iPhone
		{BECBC1A3-EA96-4B78-8729-59B1AA916449}.AppStore|x86.Build.0 = AppStore|iPhone
		{BECBC1A3-EA96-4B78-8729-59B1AA916449}.AppStore|x86.Deploy.0 = AppStore|iPhone
		{BECBC1A3-EA96-4B78-8729-59B1AA916449}.Debug|Any CPU.ActiveCfg = Debug|iPhoneSimulator
		{BECBC1A3-EA96-4B78-8729-59B1AA916449}.Debug|Any CPU.Build.0 = Debug|iPhoneSimulator
		{BECBC1A3-EA96-4B78-8729-59B1AA916449}.Debug|Any CPU.Deploy.0 = Debug|iPhoneSimulator
		{BECBC1A3-EA96-4B78-8729-59B1AA916449}.Debug|ARM.ActiveCfg = Debug|iPhone
		{BECBC1A3-EA96-4B78-8729-59B1AA916449}.Debug|ARM.Build.0 = Debug|iPhone
		{BECBC1A3-EA96-4B78-8729-59B1AA916449}.Debug|ARM.Deploy.0 = Debug|iPhone
		{BECBC1A3-EA96-4B78-8729-59B1AA916449}.Debug|iPhone.ActiveCfg = Debug|iPhone
		{BECBC1A3-EA96-4B78-8729-59B1AA916449}.Debug|iPhone.Build.0 = Debug|iPhone
		{BECBC1A3-EA96-4B78-8729-59B1AA916449}.Debug|iPhone.Deploy.0 = Debug|iPhone
		{BECBC1A3-EA96-4B78-8729-59B1AA916449}.Debug|iPhoneSimulator.ActiveCfg = Debug|iPhoneSimulator
		{BECBC1A3-EA96-4B78-8729-59B1AA916449}.Debug|iPhoneSimulator.Build.0 = Debug|iPhoneSimulator
		{BECBC1A3-EA96-4B78-8729-59B1AA916449}.Debug|iPhoneSimulator.Deploy.0 = Debug|iPhoneSimulator
		{BECBC1A3-EA96-4B78-8729-59B1AA916449}.Debug|x64.ActiveCfg = Debug|iPhone
		{BECBC1A3-EA96-4B78-8729-59B1AA916449}.Debug|x64.Build.0 = Debug|iPhone
		{BECBC1A3-EA96-4B78-8729-59B1AA916449}.Debug|x64.Deploy.0 = Debug|iPhone
		{BECBC1A3-EA96-4B78-8729-59B1AA916449}.Debug|x86.ActiveCfg = Debug|iPhone
		{BECBC1A3-EA96-4B78-8729-59B1AA916449}.Debug|x86.Build.0 = Debug|iPhone
		{BECBC1A3-EA96-4B78-8729-59B1AA916449}.Debug|x86.Deploy.0 = Debug|iPhone
		{BECBC1A3-EA96-4B78-8729-59B1AA916449}.Release|Any CPU.ActiveCfg = Release|iPhone
		{BECBC1A3-EA96-4B78-8729-59B1AA916449}.Release|Any CPU.Build.0 = Release|iPhone
		{BECBC1A3-EA96-4B78-8729-59B1AA916449}.Release|Any CPU.Deploy.0 = Release|iPhone
		{BECBC1A3-EA96-4B78-8729-59B1AA916449}.Release|ARM.ActiveCfg = Release|iPhone
		{BECBC1A3-EA96-4B78-8729-59B1AA916449}.Release|ARM.Build.0 = Release|iPhone
		{BECBC1A3-EA96-4B78-8729-59B1AA916449}.Release|ARM.Deploy.0 = Release|iPhone
		{BECBC1A3-EA96-4B78-8729-59B1AA916449}.Release|iPhone.ActiveCfg = Release|iPhone
		{BECBC1A3-EA96-4B78-8729-59B1AA916449}.Release|iPhone.Build.0 = Release|iPhone
		{BECBC1A3-EA96-4B78-8729-59B1AA916449}.Release|iPhone.Deploy.0 = Release|iPhone
		{BECBC1A3-EA96-4B78-8729-59B1AA916449}.Release|iPhoneSimulator.ActiveCfg = Release|iPhoneSimulator
		{BECBC1A3-EA96-4B78-8729-59B1AA916449}.Release|iPhoneSimulator.Build.0 = Release|iPhoneSimulator
		{BECBC1A3-EA96-4B78-8729-59B1AA916449}.Release|iPhoneSimulator.Deploy.0 = Release|iPhoneSimulator
		{BECBC1A3-EA96-4B78-8729-59B1AA916449}.Release|x64.ActiveCfg = Release|iPhone
		{BECBC1A3-EA96-4B78-8729-59B1AA916449}.Release|x64.Build.0 = Release|iPhone
		{BECBC1A3-EA96-4B78-8729-59B1AA916449}.Release|x64.Deploy.0 = Release|iPhone
		{BECBC1A3-EA96-4B78-8729-59B1AA916449}.Release|x86.ActiveCfg = Release|iPhone
		{BECBC1A3-EA96-4B78-8729-59B1AA916449}.Release|x86.Build.0 = Release|iPhone
		{BECBC1A3-EA96-4B78-8729-59B1AA916449}.Release|x86.Deploy.0 = Release|iPhone
		{55CD36F6-CC29-4174-9E06-FAD4140F57E1}.Ad-Hoc|Any CPU.ActiveCfg = Release|x86
		{55CD36F6-CC29-4174-9E06-FAD4140F57E1}.Ad-Hoc|Any CPU.Build.0 = Release|x86
		{55CD36F6-CC29-4174-9E06-FAD4140F57E1}.Ad-Hoc|Any CPU.Deploy.0 = Release|x86
		{55CD36F6-CC29-4174-9E06-FAD4140F57E1}.Ad-Hoc|ARM.ActiveCfg = Release|ARM
		{55CD36F6-CC29-4174-9E06-FAD4140F57E1}.Ad-Hoc|ARM.Build.0 = Release|ARM
		{55CD36F6-CC29-4174-9E06-FAD4140F57E1}.Ad-Hoc|ARM.Deploy.0 = Release|ARM
		{55CD36F6-CC29-4174-9E06-FAD4140F57E1}.Ad-Hoc|iPhone.ActiveCfg = Release|x86
		{55CD36F6-CC29-4174-9E06-FAD4140F57E1}.Ad-Hoc|iPhone.Build.0 = Release|x86
		{55CD36F6-CC29-4174-9E06-FAD4140F57E1}.Ad-Hoc|iPhone.Deploy.0 = Release|x86
		{55CD36F6-CC29-4174-9E06-FAD4140F57E1}.Ad-Hoc|iPhoneSimulator.ActiveCfg = Release|x86
		{55CD36F6-CC29-4174-9E06-FAD4140F57E1}.Ad-Hoc|iPhoneSimulator.Build.0 = Release|x86
		{55CD36F6-CC29-4174-9E06-FAD4140F57E1}.Ad-Hoc|iPhoneSimulator.Deploy.0 = Release|x86
		{55CD36F6-CC29-4174-9E06-FAD4140F57E1}.Ad-Hoc|x64.ActiveCfg = Release|x64
		{55CD36F6-CC29-4174-9E06-FAD4140F57E1}.Ad-Hoc|x64.Build.0 = Release|x64
		{55CD36F6-CC29-4174-9E06-FAD4140F57E1}.Ad-Hoc|x64.Deploy.0 = Release|x64
		{55CD36F6-CC29-4174-9E06-FAD4140F57E1}.Ad-Hoc|x86.ActiveCfg = Release|x86
		{55CD36F6-CC29-4174-9E06-FAD4140F57E1}.Ad-Hoc|x86.Build.0 = Release|x86
		{55CD36F6-CC29-4174-9E06-FAD4140F57E1}.Ad-Hoc|x86.Deploy.0 = Release|x86
		{55CD36F6-CC29-4174-9E06-FAD4140F57E1}.AppStore|Any CPU.ActiveCfg = Release|x86
		{55CD36F6-CC29-4174-9E06-FAD4140F57E1}.AppStore|Any CPU.Build.0 = Release|x86
		{55CD36F6-CC29-4174-9E06-FAD4140F57E1}.AppStore|Any CPU.Deploy.0 = Release|x86
		{55CD36F6-CC29-4174-9E06-FAD4140F57E1}.AppStore|ARM.ActiveCfg = Release|ARM
		{55CD36F6-CC29-4174-9E06-FAD4140F57E1}.AppStore|ARM.Build.0 = Release|ARM
		{55CD36F6-CC29-4174-9E06-FAD4140F57E1}.AppStore|ARM.Deploy.0 = Release|ARM
		{55CD36F6-CC29-4174-9E06-FAD4140F57E1}.AppStore|iPhone.ActiveCfg = Release|x86
		{55CD36F6-CC29-4174-9E06-FAD4140F57E1}.AppStore|iPhone.Build.0 = Release|x86
		{55CD36F6-CC29-4174-9E06-FAD4140F57E1}.AppStore|iPhone.Deploy.0 = Release|x86
		{55CD36F6-CC29-4174-9E06-FAD4140F57E1}.AppStore|iPhoneSimulator.ActiveCfg = Release|x86
		{55CD36F6-CC29-4174-9E06-FAD4140F57E1}.AppStore|iPhoneSimulator.Build.0 = Release|x86
		{55CD36F6-CC29-4174-9E06-FAD4140F57E1}.AppStore|iPhoneSimulator.Deploy.0 = Release|x86
		{55CD36F6-CC29-4174-9E06-FAD4140F57E1}.AppStore|x64.ActiveCfg = Release|x64
		{55CD36F6-CC29-4174-9E06-FAD4140F57E1}.AppStore|x64.Build.0 = Release|x64
		{55CD36F6-CC29-4174-9E06-FAD4140F57E1}.AppStore|x64.Deploy.0 = Release|x64
		{55CD36F6-CC29-4174-9E06-FAD4140F57E1}.AppStore|x86.ActiveCfg = Release|x86
		{55CD36F6-CC29-4174-9E06-FAD4140F57E1}.AppStore|x86.Build.0 = Release|x86
		{55CD36F6-CC29-4174-9E06-FAD4140F57E1}.AppStore|x86.Deploy.0 = Release|x86
		{55CD36F6-CC29-4174-9E06-FAD4140F57E1}.Debug|Any CPU.ActiveCfg = Debug|x86
		{55CD36F6-CC29-4174-9E06-FAD4140F57E1}.Debug|Any CPU.Build.0 = Debug|x86
		{55CD36F6-CC29-4174-9E06-FAD4140F57E1}.Debug|Any CPU.Deploy.0 = Debug|x86
		{55CD36F6-CC29-4174-9E06-FAD4140F57E1}.Debug|ARM.ActiveCfg = Debug|ARM
		{55CD36F6-CC29-4174-9E06-FAD4140F57E1}.Debug|ARM.Build.0 = Debug|ARM
		{55CD36F6-CC29-4174-9E06-FAD4140F57E1}.Debug|ARM.Deploy.0 = Debug|ARM
		{55CD36F6-CC29-4174-9E06-FAD4140F57E1}.Debug|iPhone.ActiveCfg = Debug|x86
		{55CD36F6-CC29-4174-9E06-FAD4140F57E1}.Debug|iPhone.Build.0 = Debug|x86
		{55CD36F6-CC29-4174-9E06-FAD4140F57E1}.Debug|iPhone.Deploy.0 = Debug|x86
		{55CD36F6-CC29-4174-9E06-FAD4140F57E1}.Debug|iPhoneSimulator.ActiveCfg = Debug|x86
		{55CD36F6-CC29-4174-9E06-FAD4140F57E1}.Debug|iPhoneSimulator.Build.0 = Debug|x86
		{55CD36F6-CC29-4174-9E06-FAD4140F57E1}.Debug|iPhoneSimulator.Deploy.0 = Debug|x86
		{55CD36F6-CC29-4174-9E06-FAD4140F57E1}.Debug|x64.ActiveCfg = Debug|x64
		{55CD36F6-CC29-4174-9E06-FAD4140F57E1}.Debug|x64.Build.0 = Debug|x64
		{55CD36F6-CC29-4174-9E06-FAD4140F57E1}.Debug|x64.Deploy.0 = Debug|x64
		{55CD36F6-CC29-4174-9E06-FAD4140F57E1}.Debug|x86.ActiveCfg = Debug|x86
		{55CD36F6-CC29-4174-9E06-FAD4140F57E1}.Debug|x86.Build.0 = Debug|x86
		{55CD36F6-CC29-4174-9E06-FAD4140F57E1}.Debug|x86.Deploy.0 = Debug|x86
		{55CD36F6-CC29-4174-9E06-FAD4140F57E1}.Release|Any CPU.ActiveCfg = Release|x86
		{55CD36F6-CC29-4174-9E06-FAD4140F57E1}.Release|Any CPU.Build.0 = Release|x86
		{55CD36F6-CC29-4174-9E06-FAD4140F57E1}.Release|Any CPU.Deploy.0 = Release|x86
		{55CD36F6-CC29-4174-9E06-FAD4140F57E1}.Release|ARM.ActiveCfg = Release|ARM
		{55CD36F6-CC29-4174-9E06-FAD4140F57E1}.Release|ARM.Build.0 = Release|ARM
		{55CD36F6-CC29-4174-9E06-FAD4140F57E1}.Release|ARM.Deploy.0 = Release|ARM
		{55CD36F6-CC29-4174-9E06-FAD4140F57E1}.Release|iPhone.ActiveCfg = Release|x86
		{55CD36F6-CC29-4174-9E06-FAD4140F57E1}.Release|iPhone.Build.0 = Release|x86
		{55CD36F6-CC29-4174-9E06-FAD4140F57E1}.Release|iPhone.Deploy.0 = Release|x86
		{55CD36F6-CC29-4174-9E06-FAD4140F57E1}.Release|iPhoneSimulator.ActiveCfg = Release|x86
		{55CD36F6-CC29-4174-9E06-FAD4140F57E1}.Release|iPhoneSimulator.Build.0 = Release|x86
		{55CD36F6-CC29-4174-9E06-FAD4140F57E1}.Release|iPhoneSimulator.Deploy.0 = Release|x86
		{55CD36F6-CC29-4174-9E06-FAD4140F57E1}.Release|x64.ActiveCfg = Release|x64
		{55CD36F6-CC29-4174-9E06-FAD4140F57E1}.Release|x64.Build.0 = Release|x64
		{55CD36F6-CC29-4174-9E06-FAD4140F57E1}.Release|x64.Deploy.0 = Release|x64
		{55CD36F6-CC29-4174-9E06-FAD4140F57E1}.Release|x86.ActiveCfg = Release|x86
		{55CD36F6-CC29-4174-9E06-FAD4140F57E1}.Release|x86.Build.0 = Release|x86
		{55CD36F6-CC29-4174-9E06-FAD4140F57E1}.Release|x86.Deploy.0 = Release|x86
		{70D31CB7-9230-42A5-AE30-65082AD172CE}.Ad-Hoc|Any CPU.ActiveCfg = Debug|Any CPU
		{70D31CB7-9230-42A5-AE30-65082AD172CE}.Ad-Hoc|Any CPU.Build.0 = Debug|Any CPU
		{70D31CB7-9230-42A5-AE30-65082AD172CE}.Ad-Hoc|Any CPU.Deploy.0 = Debug|Any CPU
		{70D31CB7-9230-42A5-AE30-65082AD172CE}.Ad-Hoc|ARM.ActiveCfg = Debug|Any CPU
		{70D31CB7-9230-42A5-AE30-65082AD172CE}.Ad-Hoc|ARM.Build.0 = Debug|Any CPU
		{70D31CB7-9230-42A5-AE30-65082AD172CE}.Ad-Hoc|ARM.Deploy.0 = Debug|Any CPU
		{70D31CB7-9230-42A5-AE30-65082AD172CE}.Ad-Hoc|iPhone.ActiveCfg = Debug|Any CPU
		{70D31CB7-9230-42A5-AE30-65082AD172CE}.Ad-Hoc|iPhone.Build.0 = Debug|Any CPU
		{70D31CB7-9230-42A5-AE30-65082AD172CE}.Ad-Hoc|iPhone.Deploy.0 = Debug|Any CPU
		{70D31CB7-9230-42A5-AE30-65082AD172CE}.Ad-Hoc|iPhoneSimulator.ActiveCfg = Debug|Any CPU
		{70D31CB7-9230-42A5-AE30-65082AD172CE}.Ad-Hoc|iPhoneSimulator.Build.0 = Debug|Any CPU
		{70D31CB7-9230-42A5-AE30-65082AD172CE}.Ad-Hoc|iPhoneSimulator.Deploy.0 = Debug|Any CPU
		{70D31CB7-9230-42A5-AE30-65082AD172CE}.Ad-Hoc|x64.ActiveCfg = Debug|Any CPU
		{70D31CB7-9230-42A5-AE30-65082AD172CE}.Ad-Hoc|x64.Build.0 = Debug|Any CPU
		{70D31CB7-9230-42A5-AE30-65082AD172CE}.Ad-Hoc|x64.Deploy.0 = Debug|Any CPU
		{70D31CB7-9230-42A5-AE30-65082AD172CE}.Ad-Hoc|x86.ActiveCfg = Debug|Any CPU
		{70D31CB7-9230-42A5-AE30-65082AD172CE}.Ad-Hoc|x86.Build.0 = Debug|Any CPU
		{70D31CB7-9230-42A5-AE30-65082AD172CE}.Ad-Hoc|x86.Deploy.0 = Debug|Any CPU
		{70D31CB7-9230-42A5-AE30-65082AD172CE}.AppStore|Any CPU.ActiveCfg = Debug|Any CPU
		{70D31CB7-9230-42A5-AE30-65082AD172CE}.AppStore|Any CPU.Build.0 = Debug|Any CPU
		{70D31CB7-9230-42A5-AE30-65082AD172CE}.AppStore|Any CPU.Deploy.0 = Debug|Any CPU
		{70D31CB7-9230-42A5-AE30-65082AD172CE}.AppStore|ARM.ActiveCfg = Debug|Any CPU
		{70D31CB7-9230-42A5-AE30-65082AD172CE}.AppStore|ARM.Build.0 = Debug|Any CPU
		{70D31CB7-9230-42A5-AE30-65082AD172CE}.AppStore|ARM.Deploy.0 = Debug|Any CPU
		{70D31CB7-9230-42A5-AE30-65082AD172CE}.AppStore|iPhone.ActiveCfg = Debug|Any CPU
		{70D31CB7-9230-42A5-AE30-65082AD172CE}.AppStore|iPhone.Build.0 = Debug|Any CPU
		{70D31CB7-9230-42A5-AE30-65082AD172CE}.AppStore|iPhone.Deploy.0 = Debug|Any CPU
		{70D31CB7-9230-42A5-AE30-65082AD172CE}.AppStore|iPhoneSimulator.ActiveCfg = Debug|Any CPU
		{70D31CB7-9230-42A5-AE30-65082AD172CE}.AppStore|iPhoneSimulator.Build.0 = Debug|Any CPU
		{70D31CB7-9230-42A5-AE30-65082AD172CE}.AppStore|iPhoneSimulator.Deploy.0 = Debug|Any CPU
		{70D31CB7-9230-42A5-AE30-65082AD172CE}.AppStore|x64.ActiveCfg = Debug|Any CPU
		{70D31CB7-9230-42A5-AE30-65082AD172CE}.AppStore|x64.Build.0 = Debug|Any CPU
		{70D31CB7-9230-42A5-AE30-65082AD172CE}.AppStore|x64.Deploy.0 = Debug|Any CPU
		{70D31CB7-9230-42A5-AE30-65082AD172CE}.AppStore|x86.ActiveCfg = Debug|Any CPU
		{70D31CB7-9230-42A5-AE30-65082AD172CE}.AppStore|x86.Build.0 = Debug|Any CPU
		{70D31CB7-9230-42A5-AE30-65082AD172CE}.AppStore|x86.Deploy.0 = Debug|Any CPU
		{70D31CB7-9230-42A5-AE30-65082AD172CE}.Debug|Any CPU.ActiveCfg = Debug|Any CPU
		{70D31CB7-9230-42A5-AE30-65082AD172CE}.Debug|Any CPU.Build.0 = Debug|Any CPU
		{70D31CB7-9230-42A5-AE30-65082AD172CE}.Debug|Any CPU.Deploy.0 = Debug|Any CPU
		{70D31CB7-9230-42A5-AE30-65082AD172CE}.Debug|ARM.ActiveCfg = Debug|Any CPU
		{70D31CB7-9230-42A5-AE30-65082AD172CE}.Debug|ARM.Build.0 = Debug|Any CPU
		{70D31CB7-9230-42A5-AE30-65082AD172CE}.Debug|ARM.Deploy.0 = Debug|Any CPU
		{70D31CB7-9230-42A5-AE30-65082AD172CE}.Debug|iPhone.ActiveCfg = Debug|Any CPU
		{70D31CB7-9230-42A5-AE30-65082AD172CE}.Debug|iPhone.Build.0 = Debug|Any CPU
		{70D31CB7-9230-42A5-AE30-65082AD172CE}.Debug|iPhone.Deploy.0 = Debug|Any CPU
		{70D31CB7-9230-42A5-AE30-65082AD172CE}.Debug|iPhoneSimulator.ActiveCfg = Debug|Any CPU
		{70D31CB7-9230-42A5-AE30-65082AD172CE}.Debug|iPhoneSimulator.Build.0 = Debug|Any CPU
		{70D31CB7-9230-42A5-AE30-65082AD172CE}.Debug|iPhoneSimulator.Deploy.0 = Debug|Any CPU
		{70D31CB7-9230-42A5-AE30-65082AD172CE}.Debug|x64.ActiveCfg = Debug|Any CPU
		{70D31CB7-9230-42A5-AE30-65082AD172CE}.Debug|x64.Build.0 = Debug|Any CPU
		{70D31CB7-9230-42A5-AE30-65082AD172CE}.Debug|x64.Deploy.0 = Debug|Any CPU
		{70D31CB7-9230-42A5-AE30-65082AD172CE}.Debug|x86.ActiveCfg = Debug|Any CPU
		{70D31CB7-9230-42A5-AE30-65082AD172CE}.Debug|x86.Build.0 = Debug|Any CPU
		{70D31CB7-9230-42A5-AE30-65082AD172CE}.Debug|x86.Deploy.0 = Debug|Any CPU
		{70D31CB7-9230-42A5-AE30-65082AD172CE}.Release|Any CPU.ActiveCfg = Release|Any CPU
		{70D31CB7-9230-42A5-AE30-65082AD172CE}.Release|Any CPU.Build.0 = Release|Any CPU
		{70D31CB7-9230-42A5-AE30-65082AD172CE}.Release|Any CPU.Deploy.0 = Release|Any CPU
		{70D31CB7-9230-42A5-AE30-65082AD172CE}.Release|ARM.ActiveCfg = Release|Any CPU
		{70D31CB7-9230-42A5-AE30-65082AD172CE}.Release|ARM.Build.0 = Release|Any CPU
		{70D31CB7-9230-42A5-AE30-65082AD172CE}.Release|ARM.Deploy.0 = Release|Any CPU
		{70D31CB7-9230-42A5-AE30-65082AD172CE}.Release|iPhone.ActiveCfg = Release|Any CPU
		{70D31CB7-9230-42A5-AE30-65082AD172CE}.Release|iPhone.Build.0 = Release|Any CPU
		{70D31CB7-9230-42A5-AE30-65082AD172CE}.Release|iPhone.Deploy.0 = Release|Any CPU
		{70D31CB7-9230-42A5-AE30-65082AD172CE}.Release|iPhoneSimulator.ActiveCfg = Release|Any CPU
		{70D31CB7-9230-42A5-AE30-65082AD172CE}.Release|iPhoneSimulator.Build.0 = Release|Any CPU
		{70D31CB7-9230-42A5-AE30-65082AD172CE}.Release|iPhoneSimulator.Deploy.0 = Release|Any CPU
		{70D31CB7-9230-42A5-AE30-65082AD172CE}.Release|x64.ActiveCfg = Release|Any CPU
		{70D31CB7-9230-42A5-AE30-65082AD172CE}.Release|x64.Build.0 = Release|Any CPU
		{70D31CB7-9230-42A5-AE30-65082AD172CE}.Release|x64.Deploy.0 = Release|Any CPU
		{70D31CB7-9230-42A5-AE30-65082AD172CE}.Release|x86.ActiveCfg = Release|Any CPU
		{70D31CB7-9230-42A5-AE30-65082AD172CE}.Release|x86.Build.0 = Release|Any CPU
		{70D31CB7-9230-42A5-AE30-65082AD172CE}.Release|x86.Deploy.0 = Release|Any CPU
	EndGlobalSection
	GlobalSection(SolutionProperties) = preSolution
		HideSolutionNode = FALSE
	EndGlobalSection
	GlobalSection(ExtensibilityGlobals) = postSolution
		SolutionGuid = {FAF4BC64-647F-4323-82B4-6653BE1ACE82}
	EndGlobalSection
EndGlobal
